Microsoft Visual Studio Solution File, Format Version 12.00
# Visual Studio Version 17
VisualStudioVersion = 17.5.2.0
MinimumVisualStudioVersion = 10.0.40219.1
Project("{FAE04EC0-301F-11D3-BF4B-00C04F79EFBC}") = "LearningHub.API", "LearningHub.API\LearningHub.API.csproj", "{634ADF73-493F-5C14-716F-3945659A444F}"
EndProject
Project("{FAE04EC0-301F-11D3-BF4B-00C04F79EFBC}") = "LearningHub.Application", "LearningHub.Application\LearningHub.Application.csproj", "{A6BD98BF-FB70-3CAA-EE97-4FF2F33225AB}"
EndProject
Project("{FAE04EC0-301F-11D3-BF4B-00C04F79EFBC}") = "LearningHub.Domain", "LearningHub.Domain\LearningHub.Domain.csproj", "{C31DB605-03C6-7FC5-7827-745ECE70D534}"
EndProject
Project("{FAE04EC0-301F-11D3-BF4B-00C04F79EFBC}") = "LearningHub.Infrastructure", "LearningHub.Infrastructure\LearningHub.Infrastructure.csproj", "{05DF3C1D-857E-0368-E061-1CCFD43FACEE}"
EndProject
Global
	GlobalSection(SolutionConfigurationPlatforms) = preSolution
		Debug|Any CPU = Debug|Any CPU
		Release|Any CPU = Release|Any CPU
	EndGlobalSection
	GlobalSection(ProjectConfigurationPlatforms) = postSolution
		{634ADF73-493F-5C14-716F-3945659A444F}.Debug|Any CPU.ActiveCfg = Debug|Any CPU
		{634ADF73-493F-5C14-716F-3945659A444F}.Debug|Any CPU.Build.0 = Debug|Any CPU
		{634ADF73-493F-5C14-716F-3945659A444F}.Release|Any CPU.ActiveCfg = Release|Any CPU
		{634ADF73-493F-5C14-716F-3945659A444F}.Release|Any CPU.Build.0 = Release|Any CPU
		{A6BD98BF-FB70-3CAA-EE97-4FF2F33225AB}.Debug|Any CPU.ActiveCfg = Debug|Any CPU
		{A6BD98BF-FB70-3CAA-EE97-4FF2F33225AB}.Debug|Any CPU.Build.0 = Debug|Any CPU
		{A6BD98BF-FB70-3CAA-EE97-4FF2F33225AB}.Release|Any CPU.ActiveCfg = Release|Any CPU
		{A6BD98BF-FB70-3CAA-EE97-4FF2F33225AB}.Release|Any CPU.Build.0 = Release|Any CPU
		{C31DB605-03C6-7FC5-7827-745ECE70D534}.Debug|Any CPU.ActiveCfg = Debug|Any CPU
		{C31DB605-03C6-7FC5-7827-745ECE70D534}.Debug|Any CPU.Build.0 = Debug|Any CPU
		{C31DB605-03C6-7FC5-7827-745ECE70D534}.Release|Any CPU.ActiveCfg = Release|Any CPU
		{C31DB605-03C6-7FC5-7827-745ECE70D534}.Release|Any CPU.Build.0 = Release|Any CPU
		{05DF3C1D-857E-0368-E061-1CCFD43FACEE}.Debug|Any CPU.ActiveCfg = Debug|Any CPU
		{05DF3C1D-857E-0368-E061-1CCFD43FACEE}.Debug|Any CPU.Build.0 = Debug|Any CPU
		{05DF3C1D-857E-0368-E061-1CCFD43FACEE}.Release|Any CPU.ActiveCfg = Release|Any CPU
		{05DF3C1D-857E-0368-E061-1CCFD43FACEE}.Release|Any CPU.Build.0 = Release|Any CPU
	EndGlobalSection
	GlobalSection(SolutionProperties) = preSolution
		HideSolutionNode = FALSE
	EndGlobalSection
	GlobalSection(ExtensibilityGlobals) = postSolution
		SolutionGuid = {A0BDD6D9-8A3C-4B42-971F-2E0A059338FC}
	EndGlobalSection
EndGlobal
